
Microsoft Visual Studio Solution File, Format Version 12.00
# Visual Studio Version 17
VisualStudioVersion = 17.10.35013.160
MinimumVisualStudioVersion = 10.0.40219.1
Project("{FAE04EC0-301F-11D3-BF4B-00C04F79EFBC}") = "Employees", "Employees\Employees.csproj", "{1C12C213-F877-4CC4-9620-E0E11DDF99AE}"
EndProject
Global
	GlobalSection(SolutionConfigurationPlatforms) = preSolution
		Debug|Any CPU = Debug|Any CPU
		Release|Any CPU = Release|Any CPU
	EndGlobalSection
	GlobalSection(ProjectConfigurationPlatforms) = postSolution
		{1C12C213-F877-4CC4-9620-E0E11DDF99AE}.Debug|Any CPU.ActiveCfg = Debug|Any CPU
		{1C12C213-F877-4CC4-9620-E0E11DDF99AE}.Debug|Any CPU.Build.0 = Debug|Any CPU
		{1C12C213-F877-4CC4-9620-E0E11DDF99AE}.Release|Any CPU.ActiveCfg = Release|Any CPU
		{1C12C213-F877-4CC4-9620-E0E11DDF99AE}.Release|Any CPU.Build.0 = Release|Any CPU
	EndGlobalSection
	GlobalSection(SolutionProperties) = preSolution
		HideSolutionNode = FALSE
	EndGlobalSection
	GlobalSection(ExtensibilityGlobals) = postSolution
		SolutionGuid = {66B37699-7441-49EC-B635-15B747A34430}
	EndGlobalSection
EndGlobal
